
Microsoft Visual Studio Solution File, Format Version 12.00
# Visual Studio Version 17
VisualStudioVersion = 17.2.32505.173
MinimumVisualStudioVersion = 10.0.40219.1
Project("{9A19103F-16F7-4668-BE54-9A1E7A4F7556}") = "MoodAnalyserProject", "MoodAnalyserProject\MoodAnalyserProject.csproj", "{DB15D740-BA63-4CB1-85CD-2661D8416517}"
EndProject
Project("{FAE04EC0-301F-11D3-BF4B-00C04F79EFBC}") = "MsTestMoodAnalyser", "MsTestMoodAnalyser\MsTestMoodAnalyser.csproj", "{C58BD5CC-92EE-47D4-8082-53C11A50168A}"
EndProject
Global
	GlobalSection(SolutionConfigurationPlatforms) = preSolution
		Debug|Any CPU = Debug|Any CPU
		Release|Any CPU = Release|Any CPU
	EndGlobalSection
	GlobalSection(ProjectConfigurationPlatforms) = postSolution
		{DB15D740-BA63-4CB1-85CD-2661D8416517}.Debug|Any CPU.ActiveCfg = Debug|Any CPU
		{DB15D740-BA63-4CB1-85CD-2661D8416517}.Debug|Any CPU.Build.0 = Debug|Any CPU
		{DB15D740-BA63-4CB1-85CD-2661D8416517}.Release|Any CPU.ActiveCfg = Release|Any CPU
		{DB15D740-BA63-4CB1-85CD-2661D8416517}.Release|Any CPU.Build.0 = Release|Any CPU
		{C58BD5CC-92EE-47D4-8082-53C11A50168A}.Debug|Any CPU.ActiveCfg = Debug|Any CPU
		{C58BD5CC-92EE-47D4-8082-53C11A50168A}.Debug|Any CPU.Build.0 = Debug|Any CPU
		{C58BD5CC-92EE-47D4-8082-53C11A50168A}.Release|Any CPU.ActiveCfg = Release|Any CPU
		{C58BD5CC-92EE-47D4-8082-53C11A50168A}.Release|Any CPU.Build.0 = Release|Any CPU
	EndGlobalSection
	GlobalSection(SolutionProperties) = preSolution
		HideSolutionNode = FALSE
	EndGlobalSection
	GlobalSection(ExtensibilityGlobals) = postSolution
		SolutionGuid = {A909A611-FFC7-439D-82E0-3D638CF0878F}
	EndGlobalSection
EndGlobal
